
Microsoft Visual Studio Solution File, Format Version 12.00
# Visual Studio 14
VisualStudioVersion = 14.0.25420.1
MinimumVisualStudioVersion = 10.0.40219.1
Project("{FAE04EC0-301F-11D3-BF4B-00C04F79EFBC}") = "FourmiliereConsole", "FourmiliereConsole\FourmiliereConsole.csproj", "{93ACACD5-384B-4048-8C3A-F1AA5D78C8E1}"
EndProject
Project("{FAE04EC0-301F-11D3-BF4B-00C04F79EFBC}") = "LibMetier", "LibMetier\LibMetier.csproj", "{1EAA1C9D-84F4-498A-997B-560C50E551A8}"
EndProject
Project("{2150E333-8FDC-42A3-9474-1A3956D46DE8}") = "Fourmiliere Version Base", "Fourmiliere Version Base", "{D951465E-24E9-4635-AB4C-DF9F4E69CB0C}"
EndProject
Project("{FAE04EC0-301F-11D3-BF4B-00C04F79EFBC}") = "LibAbstraite", "LibAbstraite\LibAbstraite.csproj", "{6F7B45B9-5DB2-494F-A91B-E291BCCD909C}"
EndProject
Project("{FAE04EC0-301F-11D3-BF4B-00C04F79EFBC}") = "AutoroutesConsole", "AutoroutesConsole\AutoroutesConsole.csproj", "{DB5097C1-D809-4701-AB00-3B3AF3227C35}"
EndProject
Project("{FAE04EC0-301F-11D3-BF4B-00C04F79EFBC}") = "MetroConsole", "MetroConsole\MetroConsole.csproj", "{2F62BFA9-AB2F-4C66-BB86-ACD93558A181}"
EndProject
Project("{FAE04EC0-301F-11D3-BF4B-00C04F79EFBC}") = "MetaSimulateur", "MetaSimulateur\MetaSimulateur.csproj", "{44C71A73-DB8B-477B-B761-DD2CB1486E90}"
EndProject
Project("{FAE04EC0-301F-11D3-BF4B-00C04F79EFBC}") = "AutoroutesUi", "AutoroutesUi\AutoroutesUi.csproj", "{043012B8-5D89-4AF3-9763-B4E833B559C8}"
EndProject
Global
	GlobalSection(SolutionConfigurationPlatforms) = preSolution
		Debug|Any CPU = Debug|Any CPU
		Release|Any CPU = Release|Any CPU
	EndGlobalSection
	GlobalSection(ProjectConfigurationPlatforms) = postSolution
		{93ACACD5-384B-4048-8C3A-F1AA5D78C8E1}.Debug|Any CPU.ActiveCfg = Debug|Any CPU
		{93ACACD5-384B-4048-8C3A-F1AA5D78C8E1}.Debug|Any CPU.Build.0 = Debug|Any CPU
		{93ACACD5-384B-4048-8C3A-F1AA5D78C8E1}.Debug|Any CPU.Deploy.0 = Debug|Any CPU
		{93ACACD5-384B-4048-8C3A-F1AA5D78C8E1}.Release|Any CPU.ActiveCfg = Release|Any CPU
		{93ACACD5-384B-4048-8C3A-F1AA5D78C8E1}.Release|Any CPU.Build.0 = Release|Any CPU
		{1EAA1C9D-84F4-498A-997B-560C50E551A8}.Debug|Any CPU.ActiveCfg = Debug|Any CPU
		{1EAA1C9D-84F4-498A-997B-560C50E551A8}.Debug|Any CPU.Build.0 = Debug|Any CPU
		{1EAA1C9D-84F4-498A-997B-560C50E551A8}.Release|Any CPU.ActiveCfg = Release|Any CPU
		{1EAA1C9D-84F4-498A-997B-560C50E551A8}.Release|Any CPU.Build.0 = Release|Any CPU
		{6F7B45B9-5DB2-494F-A91B-E291BCCD909C}.Debug|Any CPU.ActiveCfg = Debug|Any CPU
		{6F7B45B9-5DB2-494F-A91B-E291BCCD909C}.Debug|Any CPU.Build.0 = Debug|Any CPU
		{6F7B45B9-5DB2-494F-A91B-E291BCCD909C}.Release|Any CPU.ActiveCfg = Release|Any CPU
		{6F7B45B9-5DB2-494F-A91B-E291BCCD909C}.Release|Any CPU.Build.0 = Release|Any CPU
		{DB5097C1-D809-4701-AB00-3B3AF3227C35}.Debug|Any CPU.ActiveCfg = Debug|Any CPU
		{DB5097C1-D809-4701-AB00-3B3AF3227C35}.Debug|Any CPU.Build.0 = Debug|Any CPU
		{DB5097C1-D809-4701-AB00-3B3AF3227C35}.Release|Any CPU.ActiveCfg = Release|Any CPU
		{DB5097C1-D809-4701-AB00-3B3AF3227C35}.Release|Any CPU.Build.0 = Release|Any CPU
		{2F62BFA9-AB2F-4C66-BB86-ACD93558A181}.Debug|Any CPU.ActiveCfg = Debug|Any CPU
		{2F62BFA9-AB2F-4C66-BB86-ACD93558A181}.Debug|Any CPU.Build.0 = Debug|Any CPU
		{2F62BFA9-AB2F-4C66-BB86-ACD93558A181}.Release|Any CPU.ActiveCfg = Release|Any CPU
		{2F62BFA9-AB2F-4C66-BB86-ACD93558A181}.Release|Any CPU.Build.0 = Release|Any CPU
		{44C71A73-DB8B-477B-B761-DD2CB1486E90}.Debug|Any CPU.ActiveCfg = Debug|Any CPU
		{44C71A73-DB8B-477B-B761-DD2CB1486E90}.Debug|Any CPU.Build.0 = Debug|Any CPU
		{44C71A73-DB8B-477B-B761-DD2CB1486E90}.Release|Any CPU.ActiveCfg = Release|Any CPU
		{44C71A73-DB8B-477B-B761-DD2CB1486E90}.Release|Any CPU.Build.0 = Release|Any CPU
		{043012B8-5D89-4AF3-9763-B4E833B559C8}.Debug|Any CPU.ActiveCfg = Debug|Any CPU
		{043012B8-5D89-4AF3-9763-B4E833B559C8}.Debug|Any CPU.Build.0 = Debug|Any CPU
		{043012B8-5D89-4AF3-9763-B4E833B559C8}.Release|Any CPU.ActiveCfg = Release|Any CPU
		{043012B8-5D89-4AF3-9763-B4E833B559C8}.Release|Any CPU.Build.0 = Release|Any CPU
	EndGlobalSection
	GlobalSection(SolutionProperties) = preSolution
		HideSolutionNode = FALSE
	EndGlobalSection
	GlobalSection(NestedProjects) = preSolution
		{93ACACD5-384B-4048-8C3A-F1AA5D78C8E1} = {D951465E-24E9-4635-AB4C-DF9F4E69CB0C}
		{1EAA1C9D-84F4-498A-997B-560C50E551A8} = {D951465E-24E9-4635-AB4C-DF9F4E69CB0C}
		{6F7B45B9-5DB2-494F-A91B-E291BCCD909C} = {D951465E-24E9-4635-AB4C-DF9F4E69CB0C}
		{DB5097C1-D809-4701-AB00-3B3AF3227C35} = {D951465E-24E9-4635-AB4C-DF9F4E69CB0C}
		{2F62BFA9-AB2F-4C66-BB86-ACD93558A181} = {D951465E-24E9-4635-AB4C-DF9F4E69CB0C}
		{44C71A73-DB8B-477B-B761-DD2CB1486E90} = {D951465E-24E9-4635-AB4C-DF9F4E69CB0C}
	EndGlobalSection
EndGlobal
